<?xml version="1.0" encoding="utf-8"?>
<Project ToolsVersion="4.0" xmlns="http://schemas.microsoft.com/developer/msbuild/2003">
  <ItemGroup>
    <Filter Include="Source Files">
      <UniqueIdentifier>{4FC737F1-C7A5-4376-A066-2A32D752A2FF}</UniqueIdentifier>
      <Extensions>cpp;c;cc;cxx;c++;cppm;ixx;def;odl;idl;hpj;bat;asm;asmx</Extensions>
    </Filter>
    <Filter Include="Header Files">
      <UniqueIdentifier>{93995380-89BD-4b04-88EB-625FBE52EBFB}</UniqueIdentifier>
      <Extensions>h;hh;hpp;hxx;h++;hm;inl;inc;ipp;xsd</Extensions>
    </Filter>
    <Filter Include="Resource Files">
      <UniqueIdentifier>{67DA6AB6-F800-4c08-8B7A-83BB121AAD01}</UniqueIdentifier>
      <Extensions>rc;ico;cur;bmp;dlg;rc2;rct;bin;rgs;gif;jpg;jpeg;jpe;resx;tiff;tif;png;wav;mfcribbon-ms</Extensions>
    </Filter>
  </ItemGroup>
  <ItemGroup>
    <ClCompile Include="btap3_4_3_7_1to14.cpp">
      <Filter>Source Files</Filter>
    </ClCompile>
    <ClCompile Include="btap3_4_3_9_4trg30.cpp">
      <Filter>Source Files</Filter>
    </ClCompile>
    <ClCompile Include="btap3_4_3_9_5trg30.cpp">
      <Filter>Source Files</Filter>
    </ClCompile>
    <ClCompile Include="test.cpp">
      <Filter>Source Files</Filter>
    </ClCompile>
    <ClCompile Include="testBuoi9.cpp">
      <Filter>Source Files</Filter>
    </ClCompile>
    <ClCompile Include="ltapMang_1trg59.cpp">
      <Filter>Source Files</Filter>
    </ClCompile>
    <ClCompile Include="ltapmang_5btrg59.cpp">
      <Filter>Source Files</Filter>
    </ClCompile>
    <ClCompile Include="ltapMang_6trg59.cpp">
      <Filter>Source Files</Filter>
    </ClCompile>
    <ClCompile Include="ltapMang_10trg60.cpp">
      <Filter>Source Files</Filter>
    </ClCompile>
    <ClCompile Include="btap13trg60.cpp">
      <Filter>Source Files</Filter>
    </ClCompile>
    <ClCompile Include="btap21trg61.cpp">
      <Filter>Source Files</Filter>
    </ClCompile>
    <ClCompile Include="btap22trg61.cpp">
      <Filter>Source Files</Filter>
    </ClCompile>
    <ClCompile Include="btap24trg61.cpp">
      <Filter>Source Files</Filter>
    </ClCompile>
    <ClCompile Include="btap25trg61.cpp">
      <Filter>Source Files</Filter>
    </ClCompile>
    <ClCompile Include="btap26trg61.cpp">
      <Filter>Source Files</Filter>
    </ClCompile>
    <ClCompile Include="btap28trg62.cpp">
      <Filter>Source Files</Filter>
    </ClCompile>
    <ClCompile Include="btap63trg65.cpp">
      <Filter>Source Files</Filter>
    </ClCompile>
    <ClCompile Include="ltapmang2chieu.cpp">
      <Filter>Source Files</Filter>
    </ClCompile>
    <ClCompile Include="btap3_4_3_11_2trg33.cpp">
      <Filter>Source Files</Filter>
    </ClCompile>
    <ClCompile Include="ltap08Nov21.cpp">
      <Filter>Source Files</Filter>
    </ClCompile>
    <ClCompile Include="chuoi.cpp">
      <Filter>Source Files</Filter>
    </ClCompile>
  </ItemGroup>
</Project>